// !$*UTF8*$!
{
	archiveVersion = 1;
	classes = {
	};
	objectVersion = 77;
	objects = {

/* Begin PBXBuildFile section */
		2E91777C2F9D50B900C07DBB /* WidgetKit.framework in Frameworks */ = {isa = PBXBuildFile; fileRef = 2E91777B2F9D50B900C07DBB /* WidgetKit.framework */; };
		2E91777E2F9D50B900C07DBB /* SwiftUI.framework in Frameworks */ = {isa = PBXBuildFile; fileRef = 2E91777D2F9D50B900C07DBB /* SwiftUI.framework */; };
		2E91778D2F9D50B900C07DBB /* TimersWidgetExtensionExtension.appex in Embed Foundation Extensions */ = {isa = PBXBuildFile; fileRef = 2E9177792F9D50B900C07DBB /* TimersWidgetExtensionExtension.appex */; settings = {ATTRIBUTES = (RemoveHeadersOnCopy, ); }; };
		AA9177A12F9D50B900C07DBB /* TimerAttributes.swift in Sources */ = {isa = PBXBuildFile; fileRef = AA9177A02F9D50B900C07DBB /* TimerAttributes.swift */; };
/* End PBXBuildFile section */

/* Begin PBXContainerItemProxy section */
		2E9177592F9D506100C07DBB /* PBXContainerItemProxy */ = {
			isa = PBXContainerItemProxy;
			containerPortal = 2E9177412F9D505F00C07DBB /* Project object */;
			proxyType = 1;
			remoteGlobalIDString = 2E9177482F9D505F00C07DBB;
			remoteInfo = Timers;
		};
		2E9177632F9D506100C07DBB /* PBXContainerItemProxy */ = {
			isa = PBXContainerItemProxy;
			containerPortal = 2E9177412F9D505F00C07DBB /* Project object */;
			proxyType = 1;
			remoteGlobalIDString = 2E9177482F9D505F00C07DBB;
			remoteInfo = Timers;
		};
		2E91778B2F9D50B900C07DBB /* PBXContainerItemProxy */ = {
			isa = PBXContainerItemProxy;
			containerPortal = 2E9177412F9D505F00C07DBB /* Project object */;
			proxyType = 1;
			remoteGlobalIDString = 2E9177782F9D50B900C07DBB;
			remoteInfo = TimersWidgetExtensionExtension;
		};
/* End PBXContainerItemProxy section */

/* Begin PBXCopyFilesBuildPhase section */
		2E9177922F9D50B900C07DBB /* Embed Foundation Extensions */ = {
			isa = PBXCopyFilesBuildPhase;
			buildActionMask = 2147483647;
			dstPath = "";
			dstSubfolderSpec = 13;
			files = (
				2E91778D2F9D50B900C07DBB /* TimersWidgetExtensionExtension.appex in Embed Foundation Extensions */,
			);
			name = "Embed Foundation Extensions";
			runOnlyForDeploymentPostprocessing = 0;
		};
/* End PBXCopyFilesBuildPhase section */

/* Begin PBXFileReference section */
		2E9177492F9D505F00C07DBB /* Timers.app */ = {isa = PBXFileReference; explicitFileType = wrapper.application; includeInIndex = 0; path = Timers.app; sourceTree = BUILT_PRODUCTS_DIR; };
		2E9177582F9D506100C07DBB /* TimersTests.xctest */ = {isa = PBXFileReference; explicitFileType = wrapper.cfbundle; includeInIndex = 0; path = TimersTests.xctest; sourceTree = BUILT_PRODUCTS_DIR; };
		2E9177622F9D506100C07DBB /* TimersUITests.xctest */ = {isa = PBXFileReference; explicitFileType = wrapper.cfbundle; includeInIndex = 0; path = TimersUITests.xctest; sourceTree = BUILT_PRODUCTS_DIR; };
		2E9177792F9D50B900C07DBB /* TimersWidgetExtensionExtension.appex */ = {isa = PBXFileReference; explicitFileType = "wrapper.app-extension"; includeInIndex = 0; path = TimersWidgetExtensionExtension.appex; sourceTree = BUILT_PRODUCTS_DIR; };
		2E91777B2F9D50B900C07DBB /* WidgetKit.framework */ = {isa = PBXFileReference; lastKnownFileType = wrapper.framework; name = WidgetKit.framework; path = System/Library/Frameworks/WidgetKit.framework; sourceTree = SDKROOT; };
		2E91777D2F9D50B900C07DBB /* SwiftUI.framework */ = {isa = PBXFileReference; lastKnownFileType = wrapper.framework; name = SwiftUI.framework; path = System/Library/Frameworks/SwiftUI.framework; sourceTree = SDKROOT; };
		AA9177A02F9D50B900C07DBB /* TimerAttributes.swift */ = {isa = PBXFileReference; lastKnownFileType = sourcecode.swift; name = TimerAttributes.swift; path = Timers/Models/TimerAttributes.swift; sourceTree = SOURCE_ROOT; };
		D032F8980D794277B1125C21 /* LayoutMode.swift */ = {isa = PBXFileReference; lastKnownFileType = sourcecode.swift; name = LayoutMode.swift; path = Timers/Models/LayoutMode.swift; sourceTree = SOURCE_ROOT; };
/* End PBXFileReference section */

/* Begin PBXFileSystemSynchronizedBuildFileExceptionSet section */
		2E91778E2F9D50B900C07DBB /* Exceptions for "TimersWidgetExtension" folder in "TimersWidgetExtensionExtension" target */ = {
			isa = PBXFileSystemSynchronizedBuildFileExceptionSet;
			membershipExceptions = (
				Info.plist,
			);
			target = 2E9177782F9D50B900C07DBB /* TimersWidgetExtensionExtension */;
		};
/* End PBXFileSystemSynchronizedBuildFileExceptionSet section */

/* Begin PBXFileSystemSynchronizedRootGroup section */
		2E91774B2F9D505F00C07DBB /* Timers */ = {
			isa = PBXFileSystemSynchronizedRootGroup;
			path = Timers;
			sourceTree = "<group>";
		};
		2E91775B2F9D506100C07DBB /* TimersTests */ = {
			isa = PBXFileSystemSynchronizedRootGroup;
			path = TimersTests;
			sourceTree = "<group>";
		};
		2E9177652F9D506100C07DBB /* TimersUITests */ = {
			isa = PBXFileSystemSynchronizedRootGroup;
			path = TimersUITests;
			sourceTree = "<group>";
		};
		2E91777F2F9D50B900C07DBB /* TimersWidgetExtension */ = {
			isa = PBXFileSystemSynchronizedRootGroup;
			exceptions = (
				2E91778E2F9D50B900C07DBB /* Exceptions for "TimersWidgetExtension" folder in "TimersWidgetExtensionExtension" target */,
			);
			path = TimersWidgetExtension;
			sourceTree = "<group>";
		};
/* End PBXFileSystemSynchronizedRootGroup section */

/* Begin PBXFrameworksBuildPhase section */
		2E9177462F9D505F00C07DBB /* Frameworks */ = {
			isa = PBXFrameworksBuildPhase;
			buildActionMask = 2147483647;
			files = (
			);
			runOnlyForDeploymentPostprocessing = 0;
		};
		2E9177552F9D506100C07DBB /* Frameworks */ = {
			isa = PBXFrameworksBuildPhase;
			buildActionMask = 2147483647;
			files = (
			);
			runOnlyForDeploymentPostprocessing = 0;
		};
		2E91775F2F9D506100C07DBB /* Frameworks */ = {
			isa = PBXFrameworksBuildPhase;
			buildActionMask = 2147483647;
			files = (
			);
			runOnlyForDeploymentPostprocessing = 0;
		};
		2E9177762F9D50B900C07DBB /* Frameworks */ = {
			isa = PBXFrameworksBuildPhase;
			buildActionMask = 2147483647;
			files = (
				2E91777E2F9D50B900C07DBB /* SwiftUI.framework in Frameworks */,
				2E91777C2F9D50B900C07DBB /* WidgetKit.framework in Frameworks */,
			);
			runOnlyForDeploymentPostprocessing = 0;
		};
/* End PBXFrameworksBuildPhase section */

/* Begin PBXGroup section */
		2E9177402F9D505F00C07DBB = {
			isa = PBXGroup;
			children = (
				2E9177942F9D50F600C07DBB /* Engine */,
				2E91777A2F9D50B900C07DBB /* Frameworks */,
				2E9177952F9D50FD00C07DBB /* Layout */,
				2E9177932F9D50E400C07DBB /* Models */,
				2E91774A2F9D505F00C07DBB /* Products */,
				2E91774B2F9D505F00C07DBB /* Timers */,
				2E91775B2F9D506100C07DBB /* TimersTests */,
				2E9177652F9D506100C07DBB /* TimersUITests */,
				2E91777F2F9D50B900C07DBB /* TimersWidgetExtension */,
				2E9177962F9D510B00C07DBB /* Views */,
			);
			sourceTree = "<group>";
		};
		2E91774A2F9D505F00C07DBB /* Products */ = {
			isa = PBXGroup;
			children = (
				2E9177492F9D505F00C07DBB /* Timers.app */,
				2E9177582F9D506100C07DBB /* TimersTests.xctest */,
				2E9177622F9D506100C07DBB /* TimersUITests.xctest */,
				2E9177792F9D50B900C07DBB /* TimersWidgetExtensionExtension.appex */,
			);
			name = Products;
			sourceTree = "<group>";
		};
		2E91777A2F9D50B900C07DBB /* Frameworks */ = {
			isa = PBXGroup;
			children = (
				2E91777B2F9D50B900C07DBB /* WidgetKit.framework */,
				2E91777D2F9D50B900C07DBB /* SwiftUI.framework */,
			);
			name = Frameworks;
			sourceTree = "<group>";
		};
		2E9177932F9D50E400C07DBB /* Models */ = {
			isa = PBXGroup;
			children = (
				D032F8980D794277B1125C21 /* LayoutMode.swift */,
				AA9177A02F9D50B900C07DBB /* TimerAttributes.swift */,
			);
			path = Models;
			sourceTree = "<group>";
		};
		2E9177942F9D50F600C07DBB /* Engine */ = {
			isa = PBXGroup;
			children = (
			);
			path = Engine;
			sourceTree = "<group>";
		};
		2E9177952F9D50FD00C07DBB /* Layout */ = {
			isa = PBXGroup;
			children = (
			);
			path = Layout;
			sourceTree = "<group>";
		};
		2E9177962F9D510B00C07DBB /* Views */ = {
			isa = PBXGroup;
			children = (
			);
			path = Views;
			sourceTree = "<group>";
		};
/* End PBXGroup section */

/* Begin PBXNativeTarget section */
		2E9177482F9D505F00C07DBB /* Timers */ = {
			isa = PBXNativeTarget;
			buildConfigurationList = 2E91776C2F9D506100C07DBB /* Build configuration list for PBXNativeTarget "Timers" */;
			buildPhases = (
				2E9177452F9D505F00C07DBB /* Sources */,
				2E9177462F9D505F00C07DBB /* Frameworks */,
				2E9177472F9D505F00C07DBB /* Resources */,
				2E9177922F9D50B900C07DBB /* Embed Foundation Extensions */,
			);
			buildRules = (
			);
			dependencies = (
				2E91778C2F9D50B900C07DBB /* PBXTargetDependency */,
			);
			fileSystemSynchronizedGroups = (
				2E91774B2F9D505F00C07DBB /* Timers */,
			);
			name = Timers;
			packageProductDependencies = (
			);
			productName = Timers;
			productReference = 2E9177492F9D505F00C07DBB /* Timers.app */;
			productType = "com.apple.product-type.application";
		};
		2E9177572F9D506100C07DBB /* TimersTests */ = {
			isa = PBXNativeTarget;
			buildConfigurationList = 2E91776F2F9D506100C07DBB /* Build configuration list for PBXNativeTarget "TimersTests" */;
			buildPhases = (
				2E9177542F9D506100C07DBB /* Sources */,
				2E9177552F9D506100C07DBB /* Frameworks */,
				2E9177562F9D506100C07DBB /* Resources */,
			);
			buildRules = (
			);
			dependencies = (
				2E91775A2F9D506100C07DBB /* PBXTargetDependency */,
			);
			fileSystemSynchronizedGroups = (
				2E91775B2F9D506100C07DBB /* TimersTests */,
			);
			name = TimersTests;
			packageProductDependencies = (
			);
			productName = TimersTests;
			productReference = 2E9177582F9D506100C07DBB /* TimersTests.xctest */;
			productType = "com.apple.product-type.bundle.unit-test";
		};
		2E9177612F9D506100C07DBB /* TimersUITests */ = {
			isa = PBXNativeTarget;
			buildConfigurationList = 2E9177722F9D506100C07DBB /* Build configuration list for PBXNativeTarget "TimersUITests" */;
			buildPhases = (
				2E91775E2F9D506100C07DBB /* Sources */,
				2E91775F2F9D506100C07DBB /* Frameworks */,
				2E9177602F9D506100C07DBB /* Resources */,
			);
			buildRules = (
			);
			dependencies = (
				2E9177642F9D506100C07DBB /* PBXTargetDependency */,
			);
			fileSystemSynchronizedGroups = (
				2E9177652F9D506100C07DBB /* TimersUITests */,
			);
			name = TimersUITests;
			packageProductDependencies = (
			);
			productName = TimersUITests;
			productReference = 2E9177622F9D506100C07DBB /* TimersUITests.xctest */;
			productType = "com.apple.product-type.bundle.ui-testing";
		};
		2E9177782F9D50B900C07DBB /* TimersWidgetExtensionExtension */ = {
			isa = PBXNativeTarget;
			buildConfigurationList = 2E91778F2F9D50B900C07DBB /* Build configuration list for PBXNativeTarget "TimersWidgetExtensionExtension" */;
			buildPhases = (
				2E9177752F9D50B900C07DBB /* Sources */,
				2E9177762F9D50B900C07DBB /* Frameworks */,
				2E9177772F9D50B900C07DBB /* Resources */,
			);
			buildRules = (
			);
			dependencies = (
			);
			fileSystemSynchronizedGroups = (
				2E91777F2F9D50B900C07DBB /* TimersWidgetExtension */,
			);
			name = TimersWidgetExtensionExtension;
			packageProductDependencies = (
			);
			productName = TimersWidgetExtensionExtension;
			productReference = 2E9177792F9D50B900C07DBB /* TimersWidgetExtensionExtension.appex */;
			productType = "com.apple.product-type.app-extension";
		};
/* End PBXNativeTarget section */

/* Begin PBXProject section */
		2E9177412F9D505F00C07DBB /* Project object */ = {
			isa = PBXProject;
			attributes = {
				BuildIndependentTargetsInParallel = 1;
				LastSwiftUpdateCheck = 2630;
				LastUpgradeCheck = 2630;
				TargetAttributes = {
					2E9177482F9D505F00C07DBB = {
						CreatedOnToolsVersion = 26.3;
					};
					2E9177572F9D506100C07DBB = {
						CreatedOnToolsVersion = 26.3;
						TestTargetID = 2E9177482F9D505F00C07DBB;
					};
					2E9177612F9D506100C07DBB = {
						CreatedOnToolsVersion = 26.3;
						TestTargetID = 2E9177482F9D505F00C07DBB;
					};
					2E9177782F9D50B900C07DBB = {
						CreatedOnToolsVersion = 26.3;
					};
				};
			};
			buildConfigurationList = 2E9177442F9D505F00C07DBB /* Build configuration list for PBXProject "Timers" */;
			developmentRegion = en;
			hasScannedForEncodings = 0;
			knownRegions = (
				en,
				Base,
			);
			mainGroup = 2E9177402F9D505F00C07DBB;
			minimizedProjectReferenceProxies = 1;
			preferredProjectObjectVersion = 77;
			productRefGroup = 2E91774A2F9D505F00C07DBB /* Products */;
			projectDirPath = "";
			projectRoot = "";
			targets = (
				2E9177482F9D505F00C07DBB /* Timers */,
				2E9177572F9D506100C07DBB /* TimersTests */,
				2E9177612F9D506100C07DBB /* TimersUITests */,
				2E9177782F9D50B900C07DBB /* TimersWidgetExtensionExtension */,
			);
		};
/* End PBXProject section */

/* Begin PBXResourcesBuildPhase section */
		2E9177472F9D505F00C07DBB /* Resources */ = {
			isa = PBXResourcesBuildPhase;
			buildActionMask = 2147483647;
			files = (
			);
			runOnlyForDeploymentPostprocessing = 0;
		};
		2E9177562F9D506100C07DBB /* Resources */ = {
			isa = PBXResourcesBuildPhase;
			buildActionMask = 2147483647;
			files = (
			);
			runOnlyForDeploymentPostprocessing = 0;
		};
		2E9177602F9D506100C07DBB /* Resources */ = {
			isa = PBXResourcesBuildPhase;
			buildActionMask = 2147483647;
			files = (
			);
			runOnlyForDeploymentPostprocessing = 0;
		};
		2E9177772F9D50B900C07DBB /* Resources */ = {
			isa = PBXResourcesBuildPhase;
			buildActionMask = 2147483647;
			files = (
			);
			runOnlyForDeploymentPostprocessing = 0;
		};
/* End PBXResourcesBuildPhase section */

/* Begin PBXSourcesBuildPhase section */
		2E9177452F9D505F00C07DBB /* Sources */ = {
			isa = PBXSourcesBuildPhase;
			buildActionMask = 2147483647;
			files = (
			);
			runOnlyForDeploymentPostprocessing = 0;
		};
		2E9177542F9D506100C07DBB /* Sources */ = {
			isa = PBXSourcesBuildPhase;
			buildActionMask = 2147483647;
			files = (
			);
			runOnlyForDeploymentPostprocessing = 0;
		};
		2E91775E2F9D506100C07DBB /* Sources */ = {
			isa = PBXSourcesBuildPhase;
			buildActionMask = 2147483647;
			files = (
			);
			runOnlyForDeploymentPostprocessing = 0;
		};
		2E9177752F9D50B900C07DBB /* Sources */ = {
			isa = PBXSourcesBuildPhase;
			buildActionMask = 2147483647;
			files = (
				AA9177A12F9D50B900C07DBB /* TimerAttributes.swift in Sources */,
			);
			runOnlyForDeploymentPostprocessing = 0;
		};
/* End PBXSourcesBuildPhase section */

/* Begin PBXTargetDependency section */
		2E91775A2F9D506100C07DBB /* PBXTargetDependency */ = {
			isa = PBXTargetDependency;
			target = 2E9177482F9D505F00C07DBB /* Timers */;
			targetProxy = 2E9177592F9D506100C07DBB /* PBXContainerItemProxy */;
		};
		2E9177642F9D506100C07DBB /* PBXTargetDependency */ = {
			isa = PBXTargetDependency;
			target = 2E9177482F9D505F00C07DBB /* Timers */;
			targetProxy = 2E9177632F9D506100C07DBB /* PBXContainerItemProxy */;
		};
		2E91778C2F9D50B900C07DBB /* PBXTargetDependency */ = {
			isa = PBXTargetDependency;
			target = 2E9177782F9D50B900C07DBB /* TimersWidgetExtensionExtension */;
			targetProxy = 2E91778B2F9D50B900C07DBB /* PBXContainerItemProxy */;
		};
/* End PBXTargetDependency section */

/* Begin XCBuildConfiguration section */
		2E91776A2F9D506100C07DBB /* Debug */ = {
			isa = XCBuildConfiguration;
			buildSettings = {
				ALWAYS_SEARCH_USER_PATHS = NO;
				ASSETCATALOG_COMPILER_GENERATE_SWIFT_ASSET_SYMBOL_EXTENSIONS = YES;
				CLANG_ANALYZER_NONNULL = YES;
				CLANG_ANALYZER_NUMBER_OBJECT_CONVERSION = YES_AGGRESSIVE;
				CLANG_CXX_LANGUAGE_STANDARD = "gnu++20";
				CLANG_ENABLE_MODULES = YES;
				CLANG_ENABLE_OBJC_ARC = YES;
				CLANG_ENABLE_OBJC_WEAK = YES;
				CLANG_WARN_BLOCK_CAPTURE_AUTORELEASING = YES;
				CLANG_WARN_BOOL_CONVERSION = YES;
				CLANG_WARN_COMMA = YES;
				CLANG_WARN_CONSTANT_CONVERSION = YES;
				CLANG_WARN_DEPRECATED_OBJC_IMPLEMENTATIONS = YES;
				CLANG_WARN_DIRECT_OBJC_ISA_USAGE = YES_ERROR;
				CLANG_WARN_DOCUMENTATION_COMMENTS = YES;
				CLANG_WARN_EMPTY_BODY = YES;
				CLANG_WARN_ENUM_CONVERSION = YES;
				CLANG_WARN_INFINITE_RECURSION = YES;
				CLANG_WARN_INT_CONVERSION = YES;
				CLANG_WARN_NON_LITERAL_NULL_CONVERSION = YES;
				CLANG_WARN_OBJC_IMPLICIT_RETAIN_SELF = YES;
				CLANG_WARN_OBJC_LITERAL_CONVERSION = YES;
				CLANG_WARN_OBJC_ROOT_CLASS = YES_ERROR;
				CLANG_WARN_QUOTED_INCLUDE_IN_FRAMEWORK_HEADER = YES;
				CLANG_WARN_RANGE_LOOP_ANALYSIS = YES;
				CLANG_WARN_STRICT_PROTOTYPES = YES;
				CLANG_WARN_SUSPICIOUS_MOVE = YES;
				CLANG_WARN_UNGUARDED_AVAILABILITY = YES_AGGRESSIVE;
				CLANG_WARN_UNREACHABLE_CODE = YES;
				CLANG_WARN__DUPLICATE_METHOD_MATCH = YES;
				COPY_PHASE_STRIP = NO;
				DEBUG_INFORMATION_FORMAT = dwarf;
				ENABLE_STRICT_OBJC_MSGSEND = YES;
				ENABLE_TESTABILITY = YES;
				ENABLE_USER_SCRIPT_SANDBOXING = YES;
				GCC_C_LANGUAGE_STANDARD = gnu17;
				GCC_DYNAMIC_NO_PIC = NO;
				GCC_NO_COMMON_BLOCKS = YES;
				GCC_OPTIMIZATION_LEVEL = 0;
				GCC_PREPROCESSOR_DEFINITIONS = (
					"DEBUG=1",
					"$(inherited)",
				);
				GCC_WARN_64_TO_32_BIT_CONVERSION = YES;
				GCC_WARN_ABOUT_RETURN_TYPE = YES_ERROR;
				GCC_WARN_UNDECLARED_SELECTOR = YES;
				GCC_WARN_UNINITIALIZED_AUTOS = YES_AGGRESSIVE;
				GCC_WARN_UNUSED_FUNCTION = YES;
				GCC_WARN_UNUSED_VARIABLE = YES;
				IPHONEOS_DEPLOYMENT_TARGET = 26.2;
				LOCALIZATION_PREFERS_STRING_CATALOGS = YES;
				MTL_ENABLE_DEBUG_INFO = INCLUDE_SOURCE;
				MTL_FAST_MATH = YES;
				ONLY_ACTIVE_ARCH = YES;
				SDKROOT = iphoneos;
				SWIFT_ACTIVE_COMPILATION_CONDITIONS = "DEBUG $(inherited)";
				SWIFT_OPTIMIZATION_LEVEL = "-Onone";
			};
			name = Debug;
		};
		2E91776B2F9D506100C07DBB /* Release */ = {
			isa = XCBuildConfiguration;
			buildSettings = {
				ALWAYS_SEARCH_USER_PATHS = NO;
				ASSETCATALOG_COMPILER_GENERATE_SWIFT_ASSET_SYMBOL_EXTENSIONS = YES;
				CLANG_ANALYZER_NONNULL = YES;
				CLANG_ANALYZER_NUMBER_OBJECT_CONVERSION = YES_AGGRESSIVE;
				CLANG_CXX_LANGUAGE_STANDARD = "gnu++20";
				CLANG_ENABLE_MODULES = YES;
				CLANG_ENABLE_OBJC_ARC = YES;
				CLANG_ENABLE_OBJC_WEAK = YES;
				CLANG_WARN_BLOCK_CAPTURE_AUTORELEASING = YES;
				CLANG_WARN_BOOL_CONVERSION = YES;
				CLANG_WARN_COMMA = YES;
				CLANG_WARN_CONSTANT_CONVERSION = YES;
				CLANG_WARN_DEPRECATED_OBJC_IMPLEMENTATIONS = YES;
				CLANG_WARN_DIRECT_OBJC_ISA_USAGE = YES_ERROR;
				CLANG_WARN_DOCUMENTATION_COMMENTS = YES;
				CLANG_WARN_EMPTY_BODY = YES;
				CLANG_WARN_ENUM_CONVERSION = YES;
				CLANG_WARN_INFINITE_RECURSION = YES;
				CLANG_WARN_INT_CONVERSION = YES;
				CLANG_WARN_NON_LITERAL_NULL_CONVERSION = YES;
				CLANG_WARN_OBJC_IMPLICIT_RETAIN_SELF = YES;
				CLANG_WARN_OBJC_LITERAL_CONVERSION = YES;
				CLANG_WARN_OBJC_ROOT_CLASS = YES_ERROR;
				CLANG_WARN_QUOTED_INCLUDE_IN_FRAMEWORK_HEADER = YES;
				CLANG_WARN_RANGE_LOOP_ANALYSIS = YES;
				CLANG_WARN_STRICT_PROTOTYPES = YES;
				CLANG_WARN_SUSPICIOUS_MOVE = YES;
				CLANG_WARN_UNGUARDED_AVAILABILITY = YES_AGGRESSIVE;
				CLANG_WARN_UNREACHABLE_CODE = YES;
				CLANG_WARN__DUPLICATE_METHOD_MATCH = YES;
				COPY_PHASE_STRIP = NO;
				DEBUG_INFORMATION_FORMAT = "dwarf-with-dsym";
				ENABLE_NS_ASSERTIONS = NO;
				ENABLE_STRICT_OBJC_MSGSEND = YES;
				ENABLE_USER_SCRIPT_SANDBOXING = YES;
				GCC_C_LANGUAGE_STANDARD = gnu17;
				GCC_NO_COMMON_BLOCKS = YES;
				GCC_WARN_64_TO_32_BIT_CONVERSION = YES;
				GCC_WARN_ABOUT_RETURN_TYPE = YES_ERROR;
				GCC_WARN_UNDECLARED_SELECTOR = YES;
				GCC_WARN_UNINITIALIZED_AUTOS = YES_AGGRESSIVE;
				GCC_WARN_UNUSED_FUNCTION = YES;
				GCC_WARN_UNUSED_VARIABLE = YES;
				IPHONEOS_DEPLOYMENT_TARGET = 26.2;
				LOCALIZATION_PREFERS_STRING_CATALOGS = YES;
				MTL_ENABLE_DEBUG_INFO = NO;
				MTL_FAST_MATH = YES;
				SDKROOT = iphoneos;
				SWIFT_COMPILATION_MODE = wholemodule;
				VALIDATE_PRODUCT = YES;
			};
			name = Release;
		};
		2E91776D2F9D506100C07DBB /* Debug */ = {
			isa = XCBuildConfiguration;
			buildSettings = {
				ASSETCATALOG_COMPILER_APPICON_NAME = AppIcon;
				ASSETCATALOG_COMPILER_GLOBAL_ACCENT_COLOR_NAME = AccentColor;
				CODE_SIGN_STYLE = Automatic;
				CURRENT_PROJECT_VERSION = 1;
				DEVELOPMENT_TEAM = NZ4W2678QQ;
				ENABLE_PREVIEWS = YES;
				GENERATE_INFOPLIST_FILE = YES;
				INFOPLIST_KEY_NSSupportsLiveActivities = YES;
				INFOPLIST_KEY_UIApplicationSceneManifest_Generation = YES;
				INFOPLIST_KEY_UIApplicationSupportsIndirectInputEvents = YES;
				INFOPLIST_KEY_UILaunchScreen_Generation = YES;
				INFOPLIST_KEY_UISupportedInterfaceOrientations_iPad = "UIInterfaceOrientationPortrait UIInterfaceOrientationPortraitUpsideDown UIInterfaceOrientationLandscapeLeft UIInterfaceOrientationLandscapeRight";
				INFOPLIST_KEY_UISupportedInterfaceOrientations_iPhone = "UIInterfaceOrientationPortrait UIInterfaceOrientationLandscapeLeft UIInterfaceOrientationLandscapeRight";
				LD_RUNPATH_SEARCH_PATHS = (
					"$(inherited)",
					"@executable_path/Frameworks",
				);
				MARKETING_VERSION = 1.0;
				PRODUCT_BUNDLE_IDENTIFIER = com.mshster.Timers;
				PRODUCT_NAME = "$(TARGET_NAME)";
				STRING_CATALOG_GENERATE_SYMBOLS = YES;
				SWIFT_APPROACHABLE_CONCURRENCY = YES;
				SWIFT_DEFAULT_ACTOR_ISOLATION = MainActor;
				SWIFT_EMIT_LOC_STRINGS = YES;
				SWIFT_UPCOMING_FEATURE_MEMBER_IMPORT_VISIBILITY = YES;
				SWIFT_VERSION = 5.0;
				TARGETED_DEVICE_FAMILY = "1,2";
			};
			name = Debug;
		};
		2E91776E2F9D506100C07DBB /* Release */ = {
			isa = XCBuildConfiguration;
			buildSettings = {
				ASSETCATALOG_COMPILER_APPICON_NAME = AppIcon;
				ASSETCATALOG_COMPILER_GLOBAL_ACCENT_COLOR_NAME = AccentColor;
				CODE_SIGN_STYLE = Automatic;
				CURRENT_PROJECT_VERSION = 1;
				DEVELOPMENT_TEAM = NZ4W2678QQ;
				ENABLE_PREVIEWS = YES;
				GENERATE_INFOPLIST_FILE = YES;
				INFOPLIST_KEY_NSSupportsLiveActivities = YES;
				INFOPLIST_KEY_UIApplicationSceneManifest_Generation = YES;
				INFOPLIST_KEY_UIApplicationSupportsIndirectInputEvents = YES;
				INFOPLIST_KEY_UILaunchScreen_Generation = YES;
				INFOPLIST_KEY_UISupportedInterfaceOrientations_iPad = "UIInterfaceOrientationPortrait UIInterfaceOrientationPortraitUpsideDown UIInterfaceOrientationLandscapeLeft UIInterfaceOrientationLandscapeRight";
				INFOPLIST_KEY_UISupportedInterfaceOrientations_iPhone = "UIInterfaceOrientationPortrait UIInterfaceOrientationLandscapeLeft UIInterfaceOrientationLandscapeRight";
				LD_RUNPATH_SEARCH_PATHS = (
					"$(inherited)",
					"@executable_path/Frameworks",
				);
				MARKETING_VERSION = 1.0;
				PRODUCT_BUNDLE_IDENTIFIER = com.mshster.Timers;
				PRODUCT_NAME = "$(TARGET_NAME)";
				STRING_CATALOG_GENERATE_SYMBOLS = YES;
				SWIFT_APPROACHABLE_CONCURRENCY = YES;
				SWIFT_DEFAULT_ACTOR_ISOLATION = MainActor;
				SWIFT_EMIT_LOC_STRINGS = YES;
				SWIFT_UPCOMING_FEATURE_MEMBER_IMPORT_VISIBILITY = YES;
				SWIFT_VERSION = 5.0;
				TARGETED_DEVICE_FAMILY = "1,2";
			};
			name = Release;
		};
		2E9177702F9D506100C07DBB /* Debug */ = {
			isa = XCBuildConfiguration;
			buildSettings = {
				BUNDLE_LOADER = "$(TEST_HOST)";
				CODE_SIGN_STYLE = Automatic;
				CURRENT_PROJECT_VERSION = 1;
				GENERATE_INFOPLIST_FILE = YES;
				IPHONEOS_DEPLOYMENT_TARGET = 26.2;
				MARKETING_VERSION = 1.0;
				PRODUCT_BUNDLE_IDENTIFIER = com.mshster.TimersTests;
				PRODUCT_NAME = "$(TARGET_NAME)";
				STRING_CATALOG_GENERATE_SYMBOLS = NO;
				SWIFT_APPROACHABLE_CONCURRENCY = YES;
				SWIFT_EMIT_LOC_STRINGS = NO;
				SWIFT_UPCOMING_FEATURE_MEMBER_IMPORT_VISIBILITY = YES;
				SWIFT_VERSION = 5.0;
				TARGETED_DEVICE_FAMILY = "1,2";
				TEST_HOST = "$(BUILT_PRODUCTS_DIR)/Timers.app/$(BUNDLE_EXECUTABLE_FOLDER_PATH)/Timers";
			};
			name = Debug;
		};
		2E9177712F9D506100C07DBB /* Release */ = {
			isa = XCBuildConfiguration;
			buildSettings = {
				BUNDLE_LOADER = "$(TEST_HOST)";
				CODE_SIGN_STYLE = Automatic;
				CURRENT_PROJECT_VERSION = 1;
				GENERATE_INFOPLIST_FILE = YES;
				IPHONEOS_DEPLOYMENT_TARGET = 26.2;
				MARKETING_VERSION = 1.0;
				PRODUCT_BUNDLE_IDENTIFIER = com.mshster.TimersTests;
				PRODUCT_NAME = "$(TARGET_NAME)";
				STRING_CATALOG_GENERATE_SYMBOLS = NO;
				SWIFT_APPROACHABLE_CONCURRENCY = YES;
				SWIFT_EMIT_LOC_STRINGS = NO;
				SWIFT_UPCOMING_FEATURE_MEMBER_IMPORT_VISIBILITY = YES;
				SWIFT_VERSION = 5.0;
				TARGETED_DEVICE_FAMILY = "1,2";
				TEST_HOST = "$(BUILT_PRODUCTS_DIR)/Timers.app/$(BUNDLE_EXECUTABLE_FOLDER_PATH)/Timers";
			};
			name = Release;
		};
		2E9177732F9D506100C07DBB /* Debug */ = {
			isa = XCBuildConfiguration;
			buildSettings = {
				CODE_SIGN_STYLE = Automatic;
				CURRENT_PROJECT_VERSION = 1;
				GENERATE_INFOPLIST_FILE = YES;
				MARKETING_VERSION = 1.0;
				PRODUCT_BUNDLE_IDENTIFIER = com.mshster.TimersUITests;
				PRODUCT_NAME = "$(TARGET_NAME)";
				STRING_CATALOG_GENERATE_SYMBOLS = NO;
				SWIFT_APPROACHABLE_CONCURRENCY = YES;
				SWIFT_EMIT_LOC_STRINGS = NO;
				SWIFT_UPCOMING_FEATURE_MEMBER_IMPORT_VISIBILITY = YES;
				SWIFT_VERSION = 5.0;
				TARGETED_DEVICE_FAMILY = "1,2";
				TEST_TARGET_NAME = Timers;
			};
			name = Debug;
		};
		2E9177742F9D506100C07DBB /* Release */ = {
			isa = XCBuildConfiguration;
			buildSettings = {
				CODE_SIGN_STYLE = Automatic;
				CURRENT_PROJECT_VERSION = 1;
				GENERATE_INFOPLIST_FILE = YES;
				MARKETING_VERSION = 1.0;
				PRODUCT_BUNDLE_IDENTIFIER = com.mshster.TimersUITests;
				PRODUCT_NAME = "$(TARGET_NAME)";
				STRING_CATALOG_GENERATE_SYMBOLS = NO;
				SWIFT_APPROACHABLE_CONCURRENCY = YES;
				SWIFT_EMIT_LOC_STRINGS = NO;
				SWIFT_UPCOMING_FEATURE_MEMBER_IMPORT_VISIBILITY = YES;
				SWIFT_VERSION = 5.0;
				TARGETED_DEVICE_FAMILY = "1,2";
				TEST_TARGET_NAME = Timers;
			};
			name = Release;
		};
		2E9177902F9D50B900C07DBB /* Debug */ = {
			isa = XCBuildConfiguration;
			buildSettings = {
				ASSETCATALOG_COMPILER_GLOBAL_ACCENT_COLOR_NAME = AccentColor;
				ASSETCATALOG_COMPILER_WIDGET_BACKGROUND_COLOR_NAME = WidgetBackground;
				CODE_SIGN_STYLE = Automatic;
				CURRENT_PROJECT_VERSION = 1;
				DEVELOPMENT_TEAM = NZ4W2678QQ;
				GENERATE_INFOPLIST_FILE = YES;
				INFOPLIST_FILE = TimersWidgetExtension/Info.plist;
				INFOPLIST_KEY_CFBundleDisplayName = TimersWidgetExtension;
				INFOPLIST_KEY_NSHumanReadableCopyright = "";
				LD_RUNPATH_SEARCH_PATHS = (
					"$(inherited)",
					"@executable_path/Frameworks",
					"@executable_path/../../Frameworks",
				);
				MARKETING_VERSION = 1.0;
				PRODUCT_BUNDLE_IDENTIFIER = com.mshster.Timers.TimersWidgetExtension;
				PRODUCT_NAME = "$(TARGET_NAME)";
				SKIP_INSTALL = YES;
				STRING_CATALOG_GENERATE_SYMBOLS = YES;
				SWIFT_APPROACHABLE_CONCURRENCY = YES;
				SWIFT_EMIT_LOC_STRINGS = YES;
				SWIFT_UPCOMING_FEATURE_MEMBER_IMPORT_VISIBILITY = YES;
				SWIFT_VERSION = 5.0;
				TARGETED_DEVICE_FAMILY = "1,2";
			};
			name = Debug;
		};
		2E9177912F9D50B900C07DBB /* Release */ = {
			isa = XCBuildConfiguration;
			buildSettings = {
				ASSETCATALOG_COMPILER_GLOBAL_ACCENT_COLOR_NAME = AccentColor;
				ASSETCATALOG_COMPILER_WIDGET_BACKGROUND_COLOR_NAME = WidgetBackground;
				CODE_SIGN_STYLE = Automatic;
				CURRENT_PROJECT_VERSION = 1;
				DEVELOPMENT_TEAM = NZ4W2678QQ;
				GENERATE_INFOPLIST_FILE = YES;
				INFOPLIST_FILE = TimersWidgetExtension/Info.plist;
				INFOPLIST_KEY_CFBundleDisplayName = TimersWidgetExtension;
				INFOPLIST_KEY_NSHumanReadableCopyright = "";
				LD_RUNPATH_SEARCH_PATHS = (
					"$(inherited)",
					"@executable_path/Frameworks",
					"@executable_path/../../Frameworks",
				);
				MARKETING_VERSION = 1.0;
				PRODUCT_BUNDLE_IDENTIFIER = com.mshster.Timers.TimersWidgetExtension;
				PRODUCT_NAME = "$(TARGET_NAME)";
				SKIP_INSTALL = YES;
				STRING_CATALOG_GENERATE_SYMBOLS = YES;
				SWIFT_APPROACHABLE_CONCURRENCY = YES;
				SWIFT_EMIT_LOC_STRINGS = YES;
				SWIFT_UPCOMING_FEATURE_MEMBER_IMPORT_VISIBILITY = YES;
				SWIFT_VERSION = 5.0;
				TARGETED_DEVICE_FAMILY = "1,2";
			};
			name = Release;
		};
/* End XCBuildConfiguration section */

/* Begin XCConfigurationList section */
		2E9177442F9D505F00C07DBB /* Build configuration list for PBXProject "Timers" */ = {
			isa = XCConfigurationList;
			buildConfigurations = (
				2E91776A2F9D506100C07DBB /* Debug */,
				2E91776B2F9D506100C07DBB /* Release */,
			);
			defaultConfigurationIsVisible = 0;
			defaultConfigurationName = Release;
		};
		2E91776C2F9D506100C07DBB /* Build configuration list for PBXNativeTarget "Timers" */ = {
			isa = XCConfigurationList;
			buildConfigurations = (
				2E91776D2F9D506100C07DBB /* Debug */,
				2E91776E2F9D506100C07DBB /* Release */,
			);
			defaultConfigurationIsVisible = 0;
			defaultConfigurationName = Release;
		};
		2E91776F2F9D506100C07DBB /* Build configuration list for PBXNativeTarget "TimersTests" */ = {
			isa = XCConfigurationList;
			buildConfigurations = (
				2E9177702F9D506100C07DBB /* Debug */,
				2E9177712F9D506100C07DBB /* Release */,
			);
			defaultConfigurationIsVisible = 0;
			defaultConfigurationName = Release;
		};
		2E9177722F9D506100C07DBB /* Build configuration list for PBXNativeTarget "TimersUITests" */ = {
			isa = XCConfigurationList;
			buildConfigurations = (
				2E9177732F9D506100C07DBB /* Debug */,
				2E9177742F9D506100C07DBB /* Release */,
			);
			defaultConfigurationIsVisible = 0;
			defaultConfigurationName = Release;
		};
		2E91778F2F9D50B900C07DBB /* Build configuration list for PBXNativeTarget "TimersWidgetExtensionExtension" */ = {
			isa = XCConfigurationList;
			buildConfigurations = (
				2E9177902F9D50B900C07DBB /* Debug */,
				2E9177912F9D50B900C07DBB /* Release */,
			);
			defaultConfigurationIsVisible = 0;
			defaultConfigurationName = Release;
		};
/* End XCConfigurationList section */
	};
	rootObject = 2E9177412F9D505F00C07DBB /* Project object */;
}
